{
  "originHash" : "4551de46d8358d6c9a07c40cfea6fde49dfd9b083cdc20f13d4194e6d189dc19",
  "pins" : [
    {
      "identity" : "sundialkit",
      "kind" : "remoteSourceControl",
      "location" : "https://github.com/brightdigit/SundialKit.git",
      "state" : {
        "branch" : "atleast-v1.0.0-beta.4",
        "revision" : "7a08cc684146914e3f6661d328d4a51d5226be16"
      }
    }
  ],
  "version" : 3
}
