{
  "originHash" : "5b6fbee2654bf63e8896a2e7672e30374319207327f7e2b85ce6ce24f78994aa",
  "pins" : [
    {
      "identity" : "sundialkit",
      "kind" : "remoteSourceControl",
      "location" : "https://github.com/brightdigit/SundialKit.git",
      "state" : {
        "revision" : "c74d7f224d797214b5c53c29ece1aaec65950c63",
        "version" : "2.0.0-alpha.2"
      }
    }
  ],
  "version" : 3
}
