{
  "originHash" : "e28b082d6cda60ef39a20de9fba3476dd08b01755f19e4175221c53ff700606c",
  "pins" : [
    {
      "identity" : "sundialkit",
      "kind" : "remoteSourceControl",
      "location" : "https://github.com/brightdigit/SundialKit.git",
      "state" : {
        "branch" : "v2.0.0-alpha.4",
        "revision" : "e6598eadc5028207165e42bebf02fc4f92e4bd9c"
      }
    }
  ],
  "version" : 3
}
